
Microsoft Visual Studio Solution File, Format Version 12.00
# Visual Studio Version 16
VisualStudioVersion = 16.0.31112.23
MinimumVisualStudioVersion = 10.0.40219.1
Project("{FAE04EC0-301F-11D3-BF4B-00C04F79EFBC}") = "202 leet", "202 leet.csproj", "{1FC2DD72-E58F-49BB-923D-BAF6D861D2BB}"
EndProject
Global
	GlobalSection(SolutionConfigurationPlatforms) = preSolution
		Debug|Any CPU = Debug|Any CPU
		Release|Any CPU = Release|Any CPU
	EndGlobalSection
	GlobalSection(ProjectConfigurationPlatforms) = postSolution
		{1FC2DD72-E58F-49BB-923D-BAF6D861D2BB}.Debug|Any CPU.ActiveCfg = Debug|Any CPU
		{1FC2DD72-E58F-49BB-923D-BAF6D861D2BB}.Debug|Any CPU.Build.0 = Debug|Any CPU
		{1FC2DD72-E58F-49BB-923D-BAF6D861D2BB}.Release|Any CPU.ActiveCfg = Release|Any CPU
		{1FC2DD72-E58F-49BB-923D-BAF6D861D2BB}.Release|Any CPU.Build.0 = Release|Any CPU
	EndGlobalSection
	GlobalSection(SolutionProperties) = preSolution
		HideSolutionNode = FALSE
	EndGlobalSection
	GlobalSection(ExtensibilityGlobals) = postSolution
		SolutionGuid = {CFC2C421-A697-409C-858D-3884B686C30E}
	EndGlobalSection
EndGlobal
